// !$*UTF8*$!
{
	archiveVersion = 1;
	classes = {
	};
	objectVersion = 46;
	objects = {

/* Begin PBXBuildFile section */
		C52246631786C2E3003C7F66 /* libzmq.a in Frameworks */ = {isa = PBXBuildFile; fileRef = C52246621786C2E3003C7F66 /* libzmq.a */; };
		C52246651786C2FC003C7F66 /* libstdc++.6.dylib in Frameworks */ = {isa = PBXBuildFile; fileRef = C52246641786C2FC003C7F66 /* libstdc++.6.dylib */; };
		C52246681786F558003C7F66 /* robotTest.c in Sources */ = {isa = PBXBuildFile; fileRef = C52246671786F558003C7F66 /* robotTest.c */; };
		C522466E1786F706003C7F66 /* devices.c in Sources */ = {isa = PBXBuildFile; fileRef = C522466D1786F706003C7F66 /* devices.c */; };
		C52246701786F723003C7F66 /* hash.c in Sources */ = {isa = PBXBuildFile; fileRef = C522466F1786F723003C7F66 /* hash.c */; };
		C52246731786FB4F003C7F66 /* bytestream.c in Sources */ = {isa = PBXBuildFile; fileRef = C52246721786FB4F003C7F66 /* bytestream.c */; };
		C522467617870008003C7F66 /* protocol.c in Sources */ = {isa = PBXBuildFile; fileRef = C522467517870008003C7F66 /* protocol.c */; };
		C522467B178C00A5003C7F66 /* simplexml.c in Sources */ = {isa = PBXBuildFile; fileRef = C522467A178C00A5003C7F66 /* simplexml.c */; };
		C522467D178C0144003C7F66 /* file.c in Sources */ = {isa = PBXBuildFile; fileRef = C522467C178C0144003C7F66 /* file.c */; };
		C5224682178C105C003C7F66 /* list.c in Sources */ = {isa = PBXBuildFile; fileRef = C5224681178C105C003C7F66 /* list.c */; };
		C5224687178C4D1C003C7F66 /* robot-hal.c in Sources */ = {isa = PBXBuildFile; fileRef = C5224686178C4D1C003C7F66 /* robot-hal.c */; };
		C55121A51786BDE000DAC8A0 /* main.c in Sources */ = {isa = PBXBuildFile; fileRef = C55121A41786BDE000DAC8A0 /* main.c */; };
/* End PBXBuildFile section */

/* Begin PBXCopyFilesBuildPhase section */
		C55121941786BD9600DAC8A0 /* CopyFiles */ = {
			isa = PBXCopyFilesBuildPhase;
			buildActionMask = 2147483647;
			dstPath = /usr/share/man/man1/;
			dstSubfolderSpec = 0;
			files = (
			);
			runOnlyForDeploymentPostprocessing = 1;
		};
/* End PBXCopyFilesBuildPhase section */

/* Begin PBXFileReference section */
		C52246621786C2E3003C7F66 /* libzmq.a */ = {isa = PBXFileReference; lastKnownFileType = archive.ar; name = libzmq.a; path = ../../libs/zeromq/libzmq.a; sourceTree = "<group>"; };
		C52246641786C2FC003C7F66 /* libstdc++.6.dylib */ = {isa = PBXFileReference; lastKnownFileType = "compiled.mach-o.dylib"; name = "libstdc++.6.dylib"; path = "usr/lib/libstdc++.6.dylib"; sourceTree = SDKROOT; };
		C52246661786EFFD003C7F66 /* devices.h */ = {isa = PBXFileReference; lastKnownFileType = sourcecode.c.h; name = devices.h; path = ../../includes/devices.h; sourceTree = "<group>"; };
		C52246671786F558003C7F66 /* robotTest.c */ = {isa = PBXFileReference; fileEncoding = 4; lastKnownFileType = sourcecode.c.c; name = robotTest.c; path = ../../sources/hal/test/robotTest.c; sourceTree = "<group>"; };
		C522466D1786F706003C7F66 /* devices.c */ = {isa = PBXFileReference; fileEncoding = 4; lastKnownFileType = sourcecode.c.c; name = devices.c; path = ../../sources/devices.c; sourceTree = "<group>"; };
		C522466F1786F723003C7F66 /* hash.c */ = {isa = PBXFileReference; fileEncoding = 4; lastKnownFileType = sourcecode.c.c; name = hash.c; path = ../../sources/hash.c; sourceTree = "<group>"; };
		C52246711786FB46003C7F66 /* bytestream.h */ = {isa = PBXFileReference; fileEncoding = 4; lastKnownFileType = sourcecode.c.h; name = bytestream.h; path = ../../includes/bytestream.h; sourceTree = "<group>"; };
		C52246721786FB4F003C7F66 /* bytestream.c */ = {isa = PBXFileReference; fileEncoding = 4; lastKnownFileType = sourcecode.c.c; name = bytestream.c; path = ../../sources/bytestream.c; sourceTree = "<group>"; };
		C52246741786FDA3003C7F66 /* protocol.h */ = {isa = PBXFileReference; lastKnownFileType = sourcecode.c.h; name = protocol.h; path = ../../includes/protocol.h; sourceTree = "<group>"; };
		C522467517870008003C7F66 /* protocol.c */ = {isa = PBXFileReference; fileEncoding = 4; lastKnownFileType = sourcecode.c.c; name = protocol.c; path = ../../sources/protocol.c; sourceTree = "<group>"; };
		C5224679178C0099003C7F66 /* simplexml.h */ = {isa = PBXFileReference; fileEncoding = 4; lastKnownFileType = sourcecode.c.h; name = simplexml.h; path = ../../includes/simplexml.h; sourceTree = "<group>"; };
		C522467A178C00A5003C7F66 /* simplexml.c */ = {isa = PBXFileReference; fileEncoding = 4; lastKnownFileType = sourcecode.c.c; name = simplexml.c; path = ../../sources/xml/simplexml.c; sourceTree = "<group>"; };
		C522467C178C0144003C7F66 /* file.c */ = {isa = PBXFileReference; fileEncoding = 4; lastKnownFileType = sourcecode.c.c; name = file.c; path = ../../sources/file.c; sourceTree = "<group>"; };
		C522467F178C0303003C7F66 /* devices.xml */ = {isa = PBXFileReference; fileEncoding = 4; lastKnownFileType = text.xml; name = devices.xml; path = ../../devices.xml; sourceTree = "<group>"; };
		C5224680178C1043003C7F66 /* list.h */ = {isa = PBXFileReference; lastKnownFileType = sourcecode.c.h; name = list.h; path = ../../includes/list.h; sourceTree = "<group>"; };
		C5224681178C105C003C7F66 /* list.c */ = {isa = PBXFileReference; fileEncoding = 4; lastKnownFileType = sourcecode.c.c; name = list.c; path = ../../sources/list.c; sourceTree = "<group>"; };
		C5224683178C3BC1003C7F66 /* robot-hal.h */ = {isa = PBXFileReference; lastKnownFileType = sourcecode.c.h; name = "robot-hal.h"; path = "../../includes/robot-hal.h"; sourceTree = "<group>"; };
		C5224686178C4D1C003C7F66 /* robot-hal.c */ = {isa = PBXFileReference; fileEncoding = 4; lastKnownFileType = sourcecode.c.c; name = "robot-hal.c"; path = "../../sources/hal/robot-hal.c"; sourceTree = "<group>"; };
		C55121961786BD9600DAC8A0 /* NativeServer */ = {isa = PBXFileReference; explicitFileType = "compiled.mach-o.executable"; includeInIndex = 0; path = NativeServer; sourceTree = BUILT_PRODUCTS_DIR; };
		C55121A41786BDE000DAC8A0 /* main.c */ = {isa = PBXFileReference; fileEncoding = 4; lastKnownFileType = sourcecode.c.c; name = main.c; path = ../../sources/main.c; sourceTree = "<group>"; };
/* End PBXFileReference section */

/* Begin PBXFrameworksBuildPhase section */
		C55121931786BD9600DAC8A0 /* Frameworks */ = {
			isa = PBXFrameworksBuildPhase;
			buildActionMask = 2147483647;
			files = (
				C52246651786C2FC003C7F66 /* libstdc++.6.dylib in Frameworks */,
				C52246631786C2E3003C7F66 /* libzmq.a in Frameworks */,
			);
			runOnlyForDeploymentPostprocessing = 0;
		};
/* End PBXFrameworksBuildPhase section */

/* Begin PBXGroup section */
		C52246691786F6E2003C7F66 /* hal */ = {
			isa = PBXGroup;
			children = (
				C522466A1786F6E6003C7F66 /* test */,
				C5224686178C4D1C003C7F66 /* robot-hal.c */,
			);
			name = hal;
			sourceTree = "<group>";
		};
		C522466A1786F6E6003C7F66 /* test */ = {
			isa = PBXGroup;
			children = (
				C52246671786F558003C7F66 /* robotTest.c */,
			);
			name = test;
			sourceTree = "<group>";
		};
		C5224678178C005F003C7F66 /* xml */ = {
			isa = PBXGroup;
			children = (
				C522467A178C00A5003C7F66 /* simplexml.c */,
			);
			name = xml;
			sourceTree = "<group>";
		};
		C522467E178C02D9003C7F66 /* xml-devices */ = {
			isa = PBXGroup;
			children = (
				C522467F178C0303003C7F66 /* devices.xml */,
			);
			name = "xml-devices";
			sourceTree = "<group>";
		};
		C551218D1786BD9600DAC8A0 = {
			isa = PBXGroup;
			children = (
				C52246641786C2FC003C7F66 /* libstdc++.6.dylib */,
				C52246621786C2E3003C7F66 /* libzmq.a */,
				C522467E178C02D9003C7F66 /* xml-devices */,
				C55121A31786BDCE00DAC8A0 /* includes */,
				C55121A21786BDC300DAC8A0 /* sources */,
				C55121971786BD9600DAC8A0 /* Products */,
			);
			sourceTree = "<group>";
		};
		C55121971786BD9600DAC8A0 /* Products */ = {
			isa = PBXGroup;
			children = (
				C55121961786BD9600DAC8A0 /* NativeServer */,
			);
			name = Products;
			sourceTree = "<group>";
		};
		C55121A21786BDC300DAC8A0 /* sources */ = {
			isa = PBXGroup;
			children = (
				C5224678178C005F003C7F66 /* xml */,
				C52246721786FB4F003C7F66 /* bytestream.c */,
				C52246691786F6E2003C7F66 /* hal */,
				C55121A41786BDE000DAC8A0 /* main.c */,
				C522466D1786F706003C7F66 /* devices.c */,
				C522466F1786F723003C7F66 /* hash.c */,
				C522467517870008003C7F66 /* protocol.c */,
				C522467C178C0144003C7F66 /* file.c */,
				C5224681178C105C003C7F66 /* list.c */,
			);
			name = sources;
			sourceTree = "<group>";
		};
		C55121A31786BDCE00DAC8A0 /* includes */ = {
			isa = PBXGroup;
			children = (
				C5224679178C0099003C7F66 /* simplexml.h */,
				C52246711786FB46003C7F66 /* bytestream.h */,
				C52246661786EFFD003C7F66 /* devices.h */,
				C52246741786FDA3003C7F66 /* protocol.h */,
				C5224680178C1043003C7F66 /* list.h */,
				C5224683178C3BC1003C7F66 /* robot-hal.h */,
			);
			name = includes;
			sourceTree = "<group>";
		};
/* End PBXGroup section */

/* Begin PBXNativeTarget section */
		C55121951786BD9600DAC8A0 /* NativeServer */ = {
			isa = PBXNativeTarget;
			buildConfigurationList = C551219F1786BD9600DAC8A0 /* Build configuration list for PBXNativeTarget "NativeServer" */;
			buildPhases = (
				C55121921786BD9600DAC8A0 /* Sources */,
				C55121931786BD9600DAC8A0 /* Frameworks */,
				C55121941786BD9600DAC8A0 /* CopyFiles */,
			);
			buildRules = (
			);
			dependencies = (
			);
			name = NativeServer;
			productName = NativeServer;
			productReference = C55121961786BD9600DAC8A0 /* NativeServer */;
			productType = "com.apple.product-type.tool";
		};
/* End PBXNativeTarget section */

/* Begin PBXProject section */
		C551218E1786BD9600DAC8A0 /* Project object */ = {
			isa = PBXProject;
			attributes = {
				LastUpgradeCheck = 0460;
				ORGANIZATIONNAME = Dviance;
			};
			buildConfigurationList = C55121911786BD9600DAC8A0 /* Build configuration list for PBXProject "NativeServer" */;
			compatibilityVersion = "Xcode 3.2";
			developmentRegion = English;
			hasScannedForEncodings = 0;
			knownRegions = (
				en,
			);
			mainGroup = C551218D1786BD9600DAC8A0;
			productRefGroup = C55121971786BD9600DAC8A0 /* Products */;
			projectDirPath = "";
			projectRoot = "";
			targets = (
				C55121951786BD9600DAC8A0 /* NativeServer */,
			);
		};
/* End PBXProject section */

/* Begin PBXSourcesBuildPhase section */
		C55121921786BD9600DAC8A0 /* Sources */ = {
			isa = PBXSourcesBuildPhase;
			buildActionMask = 2147483647;
			files = (
				C55121A51786BDE000DAC8A0 /* main.c in Sources */,
				C52246681786F558003C7F66 /* robotTest.c in Sources */,
				C522466E1786F706003C7F66 /* devices.c in Sources */,
				C52246701786F723003C7F66 /* hash.c in Sources */,
				C52246731786FB4F003C7F66 /* bytestream.c in Sources */,
				C522467617870008003C7F66 /* protocol.c in Sources */,
				C522467B178C00A5003C7F66 /* simplexml.c in Sources */,
				C522467D178C0144003C7F66 /* file.c in Sources */,
				C5224682178C105C003C7F66 /* list.c in Sources */,
				C5224687178C4D1C003C7F66 /* robot-hal.c in Sources */,
			);
			runOnlyForDeploymentPostprocessing = 0;
		};
/* End PBXSourcesBuildPhase section */

/* Begin XCBuildConfiguration section */
		C551219D1786BD9600DAC8A0 /* Debug */ = {
			isa = XCBuildConfiguration;
			buildSettings = {
				ALWAYS_SEARCH_USER_PATHS = NO;
				ARCHS = "$(ARCHS_STANDARD_64_BIT)";
				CLANG_CXX_LANGUAGE_STANDARD = "gnu++0x";
				CLANG_CXX_LIBRARY = "libc++";
				CLANG_WARN_CONSTANT_CONVERSION = YES;
				CLANG_WARN_EMPTY_BODY = YES;
				CLANG_WARN_ENUM_CONVERSION = YES;
				CLANG_WARN_INT_CONVERSION = YES;
				CLANG_WARN__DUPLICATE_METHOD_MATCH = YES;
				COPY_PHASE_STRIP = NO;
				GCC_C_LANGUAGE_STANDARD = gnu99;
				GCC_DYNAMIC_NO_PIC = NO;
				GCC_ENABLE_OBJC_EXCEPTIONS = YES;
				GCC_OPTIMIZATION_LEVEL = 0;
				GCC_PREPROCESSOR_DEFINITIONS = (
					"DEBUG=1",
					"$(inherited)",
				);
				GCC_SYMBOLS_PRIVATE_EXTERN = NO;
				GCC_WARN_64_TO_32_BIT_CONVERSION = YES;
				GCC_WARN_ABOUT_RETURN_TYPE = YES;
				GCC_WARN_UNINITIALIZED_AUTOS = YES;
				GCC_WARN_UNUSED_VARIABLE = YES;
				MACOSX_DEPLOYMENT_TARGET = 10.8;
				ONLY_ACTIVE_ARCH = YES;
				SDKROOT = macosx;
			};
			name = Debug;
		};
		C551219E1786BD9600DAC8A0 /* Release */ = {
			isa = XCBuildConfiguration;
			buildSettings = {
				ALWAYS_SEARCH_USER_PATHS = NO;
				ARCHS = "$(ARCHS_STANDARD_64_BIT)";
				CLANG_CXX_LANGUAGE_STANDARD = "gnu++0x";
				CLANG_CXX_LIBRARY = "libc++";
				CLANG_WARN_CONSTANT_CONVERSION = YES;
				CLANG_WARN_EMPTY_BODY = YES;
				CLANG_WARN_ENUM_CONVERSION = YES;
				CLANG_WARN_INT_CONVERSION = YES;
				CLANG_WARN__DUPLICATE_METHOD_MATCH = YES;
				COPY_PHASE_STRIP = YES;
				DEBUG_INFORMATION_FORMAT = "dwarf-with-dsym";
				GCC_C_LANGUAGE_STANDARD = gnu99;
				GCC_ENABLE_OBJC_EXCEPTIONS = YES;
				GCC_WARN_64_TO_32_BIT_CONVERSION = YES;
				GCC_WARN_ABOUT_RETURN_TYPE = YES;
				GCC_WARN_UNINITIALIZED_AUTOS = YES;
				GCC_WARN_UNUSED_VARIABLE = YES;
				MACOSX_DEPLOYMENT_TARGET = 10.8;
				SDKROOT = macosx;
			};
			name = Release;
		};
		C55121A01786BD9600DAC8A0 /* Debug */ = {
			isa = XCBuildConfiguration;
			buildSettings = {
				LIBRARY_SEARCH_PATHS = (
					"$(inherited)",
					"\"$(SRCROOT)/../../libs/zeromq\"",
				);
				PRODUCT_NAME = "$(TARGET_NAME)";
			};
			name = Debug;
		};
		C55121A11786BD9600DAC8A0 /* Release */ = {
			isa = XCBuildConfiguration;
			buildSettings = {
				LIBRARY_SEARCH_PATHS = (
					"$(inherited)",
					"\"$(SRCROOT)/../../libs/zeromq\"",
				);
				PRODUCT_NAME = "$(TARGET_NAME)";
			};
			name = Release;
		};
/* End XCBuildConfiguration section */

/* Begin XCConfigurationList section */
		C55121911786BD9600DAC8A0 /* Build configuration list for PBXProject "NativeServer" */ = {
			isa = XCConfigurationList;
			buildConfigurations = (
				C551219D1786BD9600DAC8A0 /* Debug */,
				C551219E1786BD9600DAC8A0 /* Release */,
			);
			defaultConfigurationIsVisible = 0;
			defaultConfigurationName = Release;
		};
		C551219F1786BD9600DAC8A0 /* Build configuration list for PBXNativeTarget "NativeServer" */ = {
			isa = XCConfigurationList;
			buildConfigurations = (
				C55121A01786BD9600DAC8A0 /* Debug */,
				C55121A11786BD9600DAC8A0 /* Release */,
			);
			defaultConfigurationIsVisible = 0;
			defaultConfigurationName = Release;
		};
/* End XCConfigurationList section */
	};
	rootObject = C551218E1786BD9600DAC8A0 /* Project object */;
}
